// !$*UTF8*$!
{
	archiveVersion = 1;
	classes = {
	};
	objectVersion = 51;
	objects = {

/* Begin PBXBuildFile section */
		9B43362A282BFF140011AB18 /* AppDelegate.swift in Sources */ = {isa = PBXBuildFile; fileRef = 9B433629282BFF140011AB18 /* AppDelegate.swift */; };
		9B43362C282BFF140011AB18 /* SceneDelegate.swift in Sources */ = {isa = PBXBuildFile; fileRef = 9B43362B282BFF140011AB18 /* SceneDelegate.swift */; };
		9B43362E282BFF140011AB18 /* ViewController.swift in Sources */ = {isa = PBXBuildFile; fileRef = 9B43362D282BFF140011AB18 /* ViewController.swift */; };
		9B433631282BFF140011AB18 /* Main.storyboard in Resources */ = {isa = PBXBuildFile; fileRef = 9B43362F282BFF140011AB18 /* Main.storyboard */; };
		9B433634282BFF140011AB18 /* Sports.xcdatamodeld in Sources */ = {isa = PBXBuildFile; fileRef = 9B433632282BFF140011AB18 /* Sports.xcdatamodeld */; };
		9B433636282BFF170011AB18 /* Assets.xcassets in Resources */ = {isa = PBXBuildFile; fileRef = 9B433635282BFF170011AB18 /* Assets.xcassets */; };
		9B433639282BFF170011AB18 /* LaunchScreen.storyboard in Resources */ = {isa = PBXBuildFile; fileRef = 9B433637282BFF170011AB18 /* LaunchScreen.storyboard */; };
		9B433644282BFF170011AB18 /* SportsTests.swift in Sources */ = {isa = PBXBuildFile; fileRef = 9B433643282BFF170011AB18 /* SportsTests.swift */; };
		9B4864DD98A05A3400E01B87 /* Pods_Sports.framework in Frameworks */ = {isa = PBXBuildFile; fileRef = 61AEEA3AEDF445079C5827DF /* Pods_Sports.framework */; };
/* End PBXBuildFile section */

/* Begin PBXContainerItemProxy section */
		9B433640282BFF170011AB18 /* PBXContainerItemProxy */ = {
			isa = PBXContainerItemProxy;
			containerPortal = 9B43361E282BFF130011AB18 /* Project object */;
			proxyType = 1;
			remoteGlobalIDString = 9B433625282BFF130011AB18;
			remoteInfo = Sports;
		};
/* End PBXContainerItemProxy section */

/* Begin PBXFileReference section */
		07B049D6705AA577E1136BD1 /* Pods-Sports.release.xcconfig */ = {isa = PBXFileReference; includeInIndex = 1; lastKnownFileType = text.xcconfig; name = "Pods-Sports.release.xcconfig"; path = "Target Support Files/Pods-Sports/Pods-Sports.release.xcconfig"; sourceTree = "<group>"; };
		61AEEA3AEDF445079C5827DF /* Pods_Sports.framework */ = {isa = PBXFileReference; explicitFileType = wrapper.framework; includeInIndex = 0; path = Pods_Sports.framework; sourceTree = BUILT_PRODUCTS_DIR; };
		9B433626282BFF130011AB18 /* Sports.app */ = {isa = PBXFileReference; explicitFileType = wrapper.application; includeInIndex = 0; path = Sports.app; sourceTree = BUILT_PRODUCTS_DIR; };
		9B433629282BFF140011AB18 /* AppDelegate.swift */ = {isa = PBXFileReference; lastKnownFileType = sourcecode.swift; path = AppDelegate.swift; sourceTree = "<group>"; };
		9B43362B282BFF140011AB18 /* SceneDelegate.swift */ = {isa = PBXFileReference; lastKnownFileType = sourcecode.swift; path = SceneDelegate.swift; sourceTree = "<group>"; };
		9B43362D282BFF140011AB18 /* ViewController.swift */ = {isa = PBXFileReference; lastKnownFileType = sourcecode.swift; path = ViewController.swift; sourceTree = "<group>"; };
		9B433630282BFF140011AB18 /* Base */ = {isa = PBXFileReference; lastKnownFileType = file.storyboard; name = Base; path = Base.lproj/Main.storyboard; sourceTree = "<group>"; };
		9B433633282BFF140011AB18 /* Sports.xcdatamodel */ = {isa = PBXFileReference; lastKnownFileType = wrapper.xcdatamodel; path = Sports.xcdatamodel; sourceTree = "<group>"; };
		9B433635282BFF170011AB18 /* Assets.xcassets */ = {isa = PBXFileReference; lastKnownFileType = folder.assetcatalog; path = Assets.xcassets; sourceTree = "<group>"; };
		9B433638282BFF170011AB18 /* Base */ = {isa = PBXFileReference; lastKnownFileType = file.storyboard; name = Base; path = Base.lproj/LaunchScreen.storyboard; sourceTree = "<group>"; };
		9B43363A282BFF170011AB18 /* Info.plist */ = {isa = PBXFileReference; lastKnownFileType = text.plist.xml; path = Info.plist; sourceTree = "<group>"; };
		9B43363F282BFF170011AB18 /* SportsTests.xctest */ = {isa = PBXFileReference; explicitFileType = wrapper.cfbundle; includeInIndex = 0; path = SportsTests.xctest; sourceTree = BUILT_PRODUCTS_DIR; };
		9B433643282BFF170011AB18 /* SportsTests.swift */ = {isa = PBXFileReference; lastKnownFileType = sourcecode.swift; path = SportsTests.swift; sourceTree = "<group>"; };
		9B433645282BFF170011AB18 /* Info.plist */ = {isa = PBXFileReference; lastKnownFileType = text.plist.xml; path = Info.plist; sourceTree = "<group>"; };
		BA37FD8FF565751534CD2B75 /* Pods-Sports.debug.xcconfig */ = {isa = PBXFileReference; includeInIndex = 1; lastKnownFileType = text.xcconfig; name = "Pods-Sports.debug.xcconfig"; path = "Target Support Files/Pods-Sports/Pods-Sports.debug.xcconfig"; sourceTree = "<group>"; };
/* End PBXFileReference section */

/* Begin PBXFrameworksBuildPhase section */
		9B433623282BFF130011AB18 /* Frameworks */ = {
			isa = PBXFrameworksBuildPhase;
			buildActionMask = 2147483647;
			files = (
				9B4864DD98A05A3400E01B87 /* Pods_Sports.framework in Frameworks */,
			);
			runOnlyForDeploymentPostprocessing = 0;
		};
		9B43363C282BFF170011AB18 /* Frameworks */ = {
			isa = PBXFrameworksBuildPhase;
			buildActionMask = 2147483647;
			files = (
			);
			runOnlyForDeploymentPostprocessing = 0;
		};
/* End PBXFrameworksBuildPhase section */

/* Begin PBXGroup section */
		16828D946892109733E814CD /* Pods */ = {
			isa = PBXGroup;
			children = (
				BA37FD8FF565751534CD2B75 /* Pods-Sports.debug.xcconfig */,
				07B049D6705AA577E1136BD1 /* Pods-Sports.release.xcconfig */,
			);
			path = Pods;
			sourceTree = "<group>";
		};
		9B0B4E91282C76AA0011A2C6 /* Services */ = {
			isa = PBXGroup;
			children = (
				9B0B4EA3282C77EB0011A2C6 /* CoreData */,
				9B0B4EA2282C77DA0011A2C6 /* Network */,
			);
			path = Services;
			sourceTree = "<group>";
		};
		9B0B4E92282C76B20011A2C6 /* Module */ = {
			isa = PBXGroup;
			children = (
				9B0B4E9F282C778A0011A2C6 /* Teams */,
				9B0B4E9C282C776B0011A2C6 /* League */,
				9B0B4E99282C77360011A2C6 /* Country */,
				9B0B4E96282C77090011A2C6 /* Favourite */,
				9B0B4E93282C76C50011A2C6 /* Home */,
			);
			path = Module;
			sourceTree = "<group>";
		};
		9B0B4E93282C76C50011A2C6 /* Home */ = {
			isa = PBXGroup;
			children = (
				9B0B4E95282C76F40011A2C6 /* View */,
				9B0B4E94282C76EA0011A2C6 /* Presenter */,
			);
			path = Home;
			sourceTree = "<group>";
		};
		9B0B4E94282C76EA0011A2C6 /* Presenter */ = {
			isa = PBXGroup;
			children = (
			);
			path = Presenter;
			sourceTree = "<group>";
		};
		9B0B4E95282C76F40011A2C6 /* View */ = {
			isa = PBXGroup;
			children = (
			);
			path = View;
			sourceTree = "<group>";
		};
		9B0B4E96282C77090011A2C6 /* Favourite */ = {
			isa = PBXGroup;
			children = (
				9B0B4E98282C77270011A2C6 /* Presenter */,
				9B0B4E97282C771F0011A2C6 /* View */,
			);
			name = Favourite;
			sourceTree = "<group>";
		};
		9B0B4E97282C771F0011A2C6 /* View */ = {
			isa = PBXGroup;
			children = (
			);
			name = View;
			sourceTree = "<group>";
		};
		9B0B4E98282C77270011A2C6 /* Presenter */ = {
			isa = PBXGroup;
			children = (
			);
			name = Presenter;
			sourceTree = "<group>";
		};
		9B0B4E99282C77360011A2C6 /* Country */ = {
			isa = PBXGroup;
			children = (
				9B0B4E9B282C77610011A2C6 /* View */,
				9B0B4E9A282C77570011A2C6 /* Presenter */,
			);
			path = Country;
			sourceTree = "<group>";
		};
		9B0B4E9A282C77570011A2C6 /* Presenter */ = {
			isa = PBXGroup;
			children = (
			);
			path = Presenter;
			sourceTree = "<group>";
		};
		9B0B4E9B282C77610011A2C6 /* View */ = {
			isa = PBXGroup;
			children = (
			);
			path = View;
			sourceTree = "<group>";
		};
		9B0B4E9C282C776B0011A2C6 /* League */ = {
			isa = PBXGroup;
			children = (
				9B0B4E9E282C777E0011A2C6 /* Presenter */,
				9B0B4E9D282C77760011A2C6 /* View */,
			);
			path = League;
			sourceTree = "<group>";
		};
		9B0B4E9D282C77760011A2C6 /* View */ = {
			isa = PBXGroup;
			children = (
			);
			path = View;
			sourceTree = "<group>";
		};
		9B0B4E9E282C777E0011A2C6 /* Presenter */ = {
			isa = PBXGroup;
			children = (
			);
			path = Presenter;
			sourceTree = "<group>";
		};
		9B0B4E9F282C778A0011A2C6 /* Teams */ = {
			isa = PBXGroup;
			children = (
				9B0B4EA1282C779D0011A2C6 /* Presenter */,
				9B0B4EA0282C77950011A2C6 /* View */,
			);
			path = Teams;
			sourceTree = "<group>";
		};
		9B0B4EA0282C77950011A2C6 /* View */ = {
			isa = PBXGroup;
			children = (
			);
			path = View;
			sourceTree = "<group>";
		};
		9B0B4EA1282C779D0011A2C6 /* Presenter */ = {
			isa = PBXGroup;
			children = (
			);
			path = Presenter;
			sourceTree = "<group>";
		};
		9B0B4EA2282C77DA0011A2C6 /* Network */ = {
			isa = PBXGroup;
			children = (
			);
			path = Network;
			sourceTree = "<group>";
		};
		9B0B4EA3282C77EB0011A2C6 /* CoreData */ = {
			isa = PBXGroup;
			children = (
			);
			path = CoreData;
			sourceTree = "<group>";
		};
		9B43361D282BFF130011AB18 = {
			isa = PBXGroup;
			children = (
				9B433628282BFF130011AB18 /* Sports */,
				9B433642282BFF170011AB18 /* SportsTests */,
				9B433627282BFF130011AB18 /* Products */,
				16828D946892109733E814CD /* Pods */,
				EDC0341075037350FC08F711 /* Frameworks */,
			);
			sourceTree = "<group>";
		};
		9B433627282BFF130011AB18 /* Products */ = {
			isa = PBXGroup;
			children = (
				9B433626282BFF130011AB18 /* Sports.app */,
				9B43363F282BFF170011AB18 /* SportsTests.xctest */,
			);
			name = Products;
			sourceTree = "<group>";
		};
		9B433628282BFF130011AB18 /* Sports */ = {
			isa = PBXGroup;
			children = (
				9B0B4E92282C76B20011A2C6 /* Module */,
				9B0B4E91282C76AA0011A2C6 /* Services */,
				9B433629282BFF140011AB18 /* AppDelegate.swift */,
				9B43362B282BFF140011AB18 /* SceneDelegate.swift */,
				9B43362D282BFF140011AB18 /* ViewController.swift */,
				9B43362F282BFF140011AB18 /* Main.storyboard */,
				9B433635282BFF170011AB18 /* Assets.xcassets */,
				9B433637282BFF170011AB18 /* LaunchScreen.storyboard */,
				9B43363A282BFF170011AB18 /* Info.plist */,
				9B433632282BFF140011AB18 /* Sports.xcdatamodeld */,
			);
			path = Sports;
			sourceTree = "<group>";
		};
		9B433642282BFF170011AB18 /* SportsTests */ = {
			isa = PBXGroup;
			children = (
				9B433643282BFF170011AB18 /* SportsTests.swift */,
				9B433645282BFF170011AB18 /* Info.plist */,
			);
			path = SportsTests;
			sourceTree = "<group>";
		};
		EDC0341075037350FC08F711 /* Frameworks */ = {
			isa = PBXGroup;
			children = (
				61AEEA3AEDF445079C5827DF /* Pods_Sports.framework */,
			);
			name = Frameworks;
			sourceTree = "<group>";
		};
/* End PBXGroup section */

/* Begin PBXNativeTarget section */
		9B433625282BFF130011AB18 /* Sports */ = {
			isa = PBXNativeTarget;
			buildConfigurationList = 9B433648282BFF170011AB18 /* Build configuration list for PBXNativeTarget "Sports" */;
			buildPhases = (
				8DB8FB2AECFC2050EEE08C56 /* [CP] Check Pods Manifest.lock */,
				9B433622282BFF130011AB18 /* Sources */,
				9B433623282BFF130011AB18 /* Frameworks */,
				9B433624282BFF130011AB18 /* Resources */,
				7D803097CB1B856391052F50 /* [CP] Embed Pods Frameworks */,
			);
			buildRules = (
			);
			dependencies = (
			);
			name = Sports;
			productName = Sports;
			productReference = 9B433626282BFF130011AB18 /* Sports.app */;
			productType = "com.apple.product-type.application";
		};
		9B43363E282BFF170011AB18 /* SportsTests */ = {
			isa = PBXNativeTarget;
			buildConfigurationList = 9B43364B282BFF170011AB18 /* Build configuration list for PBXNativeTarget "SportsTests" */;
			buildPhases = (
				9B43363B282BFF170011AB18 /* Sources */,
				9B43363C282BFF170011AB18 /* Frameworks */,
				9B43363D282BFF170011AB18 /* Resources */,
			);
			buildRules = (
			);
			dependencies = (
				9B433641282BFF170011AB18 /* PBXTargetDependency */,
			);
			name = SportsTests;
			productName = SportsTests;
			productReference = 9B43363F282BFF170011AB18 /* SportsTests.xctest */;
			productType = "com.apple.product-type.bundle.unit-test";
		};
/* End PBXNativeTarget section */

/* Begin PBXProject section */
		9B43361E282BFF130011AB18 /* Project object */ = {
			isa = PBXProject;
			attributes = {
				LastSwiftUpdateCheck = 1140;
				LastUpgradeCheck = 1140;
				ORGANIZATIONNAME = "NourAllah Ahmed";
				TargetAttributes = {
					9B433625282BFF130011AB18 = {
						CreatedOnToolsVersion = 11.4;
					};
					9B43363E282BFF170011AB18 = {
						CreatedOnToolsVersion = 11.4;
						TestTargetID = 9B433625282BFF130011AB18;
					};
				};
			};
			buildConfigurationList = 9B433621282BFF130011AB18 /* Build configuration list for PBXProject "Sports" */;
			compatibilityVersion = "Xcode 9.3";
			developmentRegion = en;
			hasScannedForEncodings = 0;
			knownRegions = (
				en,
				Base,
			);
			mainGroup = 9B43361D282BFF130011AB18;
			productRefGroup = 9B433627282BFF130011AB18 /* Products */;
			projectDirPath = "";
			projectRoot = "";
			targets = (
				9B433625282BFF130011AB18 /* Sports */,
				9B43363E282BFF170011AB18 /* SportsTests */,
			);
		};
/* End PBXProject section */

/* Begin PBXResourcesBuildPhase section */
		9B433624282BFF130011AB18 /* Resources */ = {
			isa = PBXResourcesBuildPhase;
			buildActionMask = 2147483647;
			files = (
				9B433639282BFF170011AB18 /* LaunchScreen.storyboard in Resources */,
				9B433636282BFF170011AB18 /* Assets.xcassets in Resources */,
				9B433631282BFF140011AB18 /* Main.storyboard in Resources */,
			);
			runOnlyForDeploymentPostprocessing = 0;
		};
		9B43363D282BFF170011AB18 /* Resources */ = {
			isa = PBXResourcesBuildPhase;
			buildActionMask = 2147483647;
			files = (
			);
			runOnlyForDeploymentPostprocessing = 0;
		};
/* End PBXResourcesBuildPhase section */

/* Begin PBXShellScriptBuildPhase section */
		7D803097CB1B856391052F50 /* [CP] Embed Pods Frameworks */ = {
			isa = PBXShellScriptBuildPhase;
			buildActionMask = 2147483647;
			files = (
			);
			inputFileListPaths = (
				"${PODS_ROOT}/Target Support Files/Pods-Sports/Pods-Sports-frameworks-${CONFIGURATION}-input-files.xcfilelist",
			);
			name = "[CP] Embed Pods Frameworks";
			outputFileListPaths = (
				"${PODS_ROOT}/Target Support Files/Pods-Sports/Pods-Sports-frameworks-${CONFIGURATION}-output-files.xcfilelist",
			);
			runOnlyForDeploymentPostprocessing = 0;
			shellPath = /bin/sh;
			shellScript = "\"${PODS_ROOT}/Target Support Files/Pods-Sports/Pods-Sports-frameworks.sh\"\n";
			showEnvVarsInLog = 0;
		};
		8DB8FB2AECFC2050EEE08C56 /* [CP] Check Pods Manifest.lock */ = {
			isa = PBXShellScriptBuildPhase;
			buildActionMask = 2147483647;
			files = (
			);
			inputFileListPaths = (
			);
			inputPaths = (
				"${PODS_PODFILE_DIR_PATH}/Podfile.lock",
				"${PODS_ROOT}/Manifest.lock",
			);
			name = "[CP] Check Pods Manifest.lock";
			outputFileListPaths = (
			);
			outputPaths = (
				"$(DERIVED_FILE_DIR)/Pods-Sports-checkManifestLockResult.txt",
			);
			runOnlyForDeploymentPostprocessing = 0;
			shellPath = /bin/sh;
			shellScript = "diff \"${PODS_PODFILE_DIR_PATH}/Podfile.lock\" \"${PODS_ROOT}/Manifest.lock\" > /dev/null\nif [ $? != 0 ] ; then\n    # print error to STDERR\n    echo \"error: The sandbox is not in sync with the Podfile.lock. Run 'pod install' or update your CocoaPods installation.\" >&2\n    exit 1\nfi\n# This output is used by Xcode 'outputs' to avoid re-running this script phase.\necho \"SUCCESS\" > \"${SCRIPT_OUTPUT_FILE_0}\"\n";
			showEnvVarsInLog = 0;
		};
/* End PBXShellScriptBuildPhase section */

/* Begin PBXSourcesBuildPhase section */
		9B433622282BFF130011AB18 /* Sources */ = {
			isa = PBXSourcesBuildPhase;
			buildActionMask = 2147483647;
			files = (
				9B43362E282BFF140011AB18 /* ViewController.swift in Sources */,
				9B43362A282BFF140011AB18 /* AppDelegate.swift in Sources */,
				9B433634282BFF140011AB18 /* Sports.xcdatamodeld in Sources */,
				9B43362C282BFF140011AB18 /* SceneDelegate.swift in Sources */,
			);
			runOnlyForDeploymentPostprocessing = 0;
		};
		9B43363B282BFF170011AB18 /* Sources */ = {
			isa = PBXSourcesBuildPhase;
			buildActionMask = 2147483647;
			files = (
				9B433644282BFF170011AB18 /* SportsTests.swift in Sources */,
			);
			runOnlyForDeploymentPostprocessing = 0;
		};
/* End PBXSourcesBuildPhase section */

/* Begin PBXTargetDependency section */
		9B433641282BFF170011AB18 /* PBXTargetDependency */ = {
			isa = PBXTargetDependency;
			target = 9B433625282BFF130011AB18 /* Sports */;
			targetProxy = 9B433640282BFF170011AB18 /* PBXContainerItemProxy */;
		};
/* End PBXTargetDependency section */

/* Begin PBXVariantGroup section */
		9B43362F282BFF140011AB18 /* Main.storyboard */ = {
			isa = PBXVariantGroup;
			children = (
				9B433630282BFF140011AB18 /* Base */,
			);
			name = Main.storyboard;
			sourceTree = "<group>";
		};
		9B433637282BFF170011AB18 /* LaunchScreen.storyboard */ = {
			isa = PBXVariantGroup;
			children = (
				9B433638282BFF170011AB18 /* Base */,
			);
			name = LaunchScreen.storyboard;
			sourceTree = "<group>";
		};
/* End PBXVariantGroup section */

/* Begin XCBuildConfiguration section */
		9B433646282BFF170011AB18 /* Debug */ = {
			isa = XCBuildConfiguration;
			buildSettings = {
				ALWAYS_SEARCH_USER_PATHS = NO;
				CLANG_ANALYZER_NONNULL = YES;
				CLANG_ANALYZER_NUMBER_OBJECT_CONVERSION = YES_AGGRESSIVE;
				CLANG_CXX_LANGUAGE_STANDARD = "gnu++14";
				CLANG_CXX_LIBRARY = "libc++";
				CLANG_ENABLE_MODULES = YES;
				CLANG_ENABLE_OBJC_ARC = YES;
				CLANG_ENABLE_OBJC_WEAK = YES;
				CLANG_WARN_BLOCK_CAPTURE_AUTORELEASING = YES;
				CLANG_WARN_BOOL_CONVERSION = YES;
				CLANG_WARN_COMMA = YES;
				CLANG_WARN_CONSTANT_CONVERSION = YES;
				CLANG_WARN_DEPRECATED_OBJC_IMPLEMENTATIONS = YES;
				CLANG_WARN_DIRECT_OBJC_ISA_USAGE = YES_ERROR;
				CLANG_WARN_DOCUMENTATION_COMMENTS = YES;
				CLANG_WARN_EMPTY_BODY = YES;
				CLANG_WARN_ENUM_CONVERSION = YES;
				CLANG_WARN_INFINITE_RECURSION = YES;
				CLANG_WARN_INT_CONVERSION = YES;
				CLANG_WARN_NON_LITERAL_NULL_CONVERSION = YES;
				CLANG_WARN_OBJC_IMPLICIT_RETAIN_SELF = YES;
				CLANG_WARN_OBJC_LITERAL_CONVERSION = YES;
				CLANG_WARN_OBJC_ROOT_CLASS = YES_ERROR;
				CLANG_WARN_RANGE_LOOP_ANALYSIS = YES;
				CLANG_WARN_STRICT_PROTOTYPES = YES;
				CLANG_WARN_SUSPICIOUS_MOVE = YES;
				CLANG_WARN_UNGUARDED_AVAILABILITY = YES_AGGRESSIVE;
				CLANG_WARN_UNREACHABLE_CODE = YES;
				CLANG_WARN__DUPLICATE_METHOD_MATCH = YES;
				COPY_PHASE_STRIP = NO;
				DEBUG_INFORMATION_FORMAT = dwarf;
				ENABLE_STRICT_OBJC_MSGSEND = YES;
				ENABLE_TESTABILITY = YES;
				GCC_C_LANGUAGE_STANDARD = gnu11;
				GCC_DYNAMIC_NO_PIC = NO;
				GCC_NO_COMMON_BLOCKS = YES;
				GCC_OPTIMIZATION_LEVEL = 0;
				GCC_PREPROCESSOR_DEFINITIONS = (
					"DEBUG=1",
					"$(inherited)",
				);
				GCC_WARN_64_TO_32_BIT_CONVERSION = YES;
				GCC_WARN_ABOUT_RETURN_TYPE = YES_ERROR;
				GCC_WARN_UNDECLARED_SELECTOR = YES;
				GCC_WARN_UNINITIALIZED_AUTOS = YES_AGGRESSIVE;
				GCC_WARN_UNUSED_FUNCTION = YES;
				GCC_WARN_UNUSED_VARIABLE = YES;
				IPHONEOS_DEPLOYMENT_TARGET = 13.0;
				MTL_ENABLE_DEBUG_INFO = INCLUDE_SOURCE;
				MTL_FAST_MATH = YES;
				ONLY_ACTIVE_ARCH = YES;
				SDKROOT = iphoneos;
				SWIFT_ACTIVE_COMPILATION_CONDITIONS = DEBUG;
				SWIFT_OPTIMIZATION_LEVEL = "-Onone";
			};
			name = Debug;
		};
		9B433647282BFF170011AB18 /* Release */ = {
			isa = XCBuildConfiguration;
			buildSettings = {
				ALWAYS_SEARCH_USER_PATHS = NO;
				CLANG_ANALYZER_NONNULL = YES;
				CLANG_ANALYZER_NUMBER_OBJECT_CONVERSION = YES_AGGRESSIVE;
				CLANG_CXX_LANGUAGE_STANDARD = "gnu++14";
				CLANG_CXX_LIBRARY = "libc++";
				CLANG_ENABLE_MODULES = YES;
				CLANG_ENABLE_OBJC_ARC = YES;
				CLANG_ENABLE_OBJC_WEAK = YES;
				CLANG_WARN_BLOCK_CAPTURE_AUTORELEASING = YES;
				CLANG_WARN_BOOL_CONVERSION = YES;
				CLANG_WARN_COMMA = YES;
				CLANG_WARN_CONSTANT_CONVERSION = YES;
				CLANG_WARN_DEPRECATED_OBJC_IMPLEMENTATIONS = YES;
				CLANG_WARN_DIRECT_OBJC_ISA_USAGE = YES_ERROR;
				CLANG_WARN_DOCUMENTATION_COMMENTS = YES;
				CLANG_WARN_EMPTY_BODY = YES;
				CLANG_WARN_ENUM_CONVERSION = YES;
				CLANG_WARN_INFINITE_RECURSION = YES;
				CLANG_WARN_INT_CONVERSION = YES;
				CLANG_WARN_NON_LITERAL_NULL_CONVERSION = YES;
				CLANG_WARN_OBJC_IMPLICIT_RETAIN_SELF = YES;
				CLANG_WARN_OBJC_LITERAL_CONVERSION = YES;
				CLANG_WARN_OBJC_ROOT_CLASS = YES_ERROR;
				CLANG_WARN_RANGE_LOOP_ANALYSIS = YES;
				CLANG_WARN_STRICT_PROTOTYPES = YES;
				CLANG_WARN_SUSPICIOUS_MOVE = YES;
				CLANG_WARN_UNGUARDED_AVAILABILITY = YES_AGGRESSIVE;
				CLANG_WARN_UNREACHABLE_CODE = YES;
				CLANG_WARN__DUPLICATE_METHOD_MATCH = YES;
				COPY_PHASE_STRIP = NO;
				DEBUG_INFORMATION_FORMAT = "dwarf-with-dsym";
				ENABLE_NS_ASSERTIONS = NO;
				ENABLE_STRICT_OBJC_MSGSEND = YES;
				GCC_C_LANGUAGE_STANDARD = gnu11;
				GCC_NO_COMMON_BLOCKS = YES;
				GCC_WARN_64_TO_32_BIT_CONVERSION = YES;
				GCC_WARN_ABOUT_RETURN_TYPE = YES_ERROR;
				GCC_WARN_UNDECLARED_SELECTOR = YES;
				GCC_WARN_UNINITIALIZED_AUTOS = YES_AGGRESSIVE;
				GCC_WARN_UNUSED_FUNCTION = YES;
				GCC_WARN_UNUSED_VARIABLE = YES;
				IPHONEOS_DEPLOYMENT_TARGET = 13.0;
				MTL_ENABLE_DEBUG_INFO = NO;
				MTL_FAST_MATH = YES;
				SDKROOT = iphoneos;
				SWIFT_COMPILATION_MODE = wholemodule;
				SWIFT_OPTIMIZATION_LEVEL = "-O";
				VALIDATE_PRODUCT = YES;
			};
			name = Release;
		};
		9B433649282BFF170011AB18 /* Debug */ = {
			isa = XCBuildConfiguration;
			baseConfigurationReference = BA37FD8FF565751534CD2B75 /* Pods-Sports.debug.xcconfig */;
			buildSettings = {
				ASSETCATALOG_COMPILER_APPICON_NAME = AppIcon;
				CODE_SIGN_STYLE = Automatic;
				INFOPLIST_FILE = Sports/Info.plist;
				LD_RUNPATH_SEARCH_PATHS = (
					"$(inherited)",
					"@executable_path/Frameworks",
				);
				PRODUCT_BUNDLE_IDENTIFIER = Iti.Sports;
				PRODUCT_NAME = "$(TARGET_NAME)";
				SWIFT_VERSION = 5.0;
				TARGETED_DEVICE_FAMILY = "1,2";
			};
			name = Debug;
		};
		9B43364A282BFF170011AB18 /* Release */ = {
			isa = XCBuildConfiguration;
			baseConfigurationReference = 07B049D6705AA577E1136BD1 /* Pods-Sports.release.xcconfig */;
			buildSettings = {
				ASSETCATALOG_COMPILER_APPICON_NAME = AppIcon;
				CODE_SIGN_STYLE = Automatic;
				INFOPLIST_FILE = Sports/Info.plist;
				LD_RUNPATH_SEARCH_PATHS = (
					"$(inherited)",
					"@executable_path/Frameworks",
				);
				PRODUCT_BUNDLE_IDENTIFIER = Iti.Sports;
				PRODUCT_NAME = "$(TARGET_NAME)";
				SWIFT_VERSION = 5.0;
				TARGETED_DEVICE_FAMILY = "1,2";
			};
			name = Release;
		};
		9B43364C282BFF170011AB18 /* Debug */ = {
			isa = XCBuildConfiguration;
			buildSettings = {
				ALWAYS_EMBED_SWIFT_STANDARD_LIBRARIES = YES;
				BUNDLE_LOADER = "$(TEST_HOST)";
				CODE_SIGN_STYLE = Automatic;
				INFOPLIST_FILE = SportsTests/Info.plist;
				IPHONEOS_DEPLOYMENT_TARGET = 13.4;
				LD_RUNPATH_SEARCH_PATHS = (
					"$(inherited)",
					"@executable_path/Frameworks",
					"@loader_path/Frameworks",
				);
				PRODUCT_BUNDLE_IDENTIFIER = Iti.SportsTests;
				PRODUCT_NAME = "$(TARGET_NAME)";
				SWIFT_VERSION = 5.0;
				TARGETED_DEVICE_FAMILY = "1,2";
				TEST_HOST = "$(BUILT_PRODUCTS_DIR)/Sports.app/Sports";
			};
			name = Debug;
		};
		9B43364D282BFF170011AB18 /* Release */ = {
			isa = XCBuildConfiguration;
			buildSettings = {
				ALWAYS_EMBED_SWIFT_STANDARD_LIBRARIES = YES;
				BUNDLE_LOADER = "$(TEST_HOST)";
				CODE_SIGN_STYLE = Automatic;
				INFOPLIST_FILE = SportsTests/Info.plist;
				IPHONEOS_DEPLOYMENT_TARGET = 13.4;
				LD_RUNPATH_SEARCH_PATHS = (
					"$(inherited)",
					"@executable_path/Frameworks",
					"@loader_path/Frameworks",
				);
				PRODUCT_BUNDLE_IDENTIFIER = Iti.SportsTests;
				PRODUCT_NAME = "$(TARGET_NAME)";
				SWIFT_VERSION = 5.0;
				TARGETED_DEVICE_FAMILY = "1,2";
				TEST_HOST = "$(BUILT_PRODUCTS_DIR)/Sports.app/Sports";
			};
			name = Release;
		};
/* End XCBuildConfiguration section */

/* Begin XCConfigurationList section */
		9B433621282BFF130011AB18 /* Build configuration list for PBXProject "Sports" */ = {
			isa = XCConfigurationList;
			buildConfigurations = (
				9B433646282BFF170011AB18 /* Debug */,
				9B433647282BFF170011AB18 /* Release */,
			);
			defaultConfigurationIsVisible = 0;
			defaultConfigurationName = Release;
		};
		9B433648282BFF170011AB18 /* Build configuration list for PBXNativeTarget "Sports" */ = {
			isa = XCConfigurationList;
			buildConfigurations = (
				9B433649282BFF170011AB18 /* Debug */,
				9B43364A282BFF170011AB18 /* Release */,
			);
			defaultConfigurationIsVisible = 0;
			defaultConfigurationName = Release;
		};
		9B43364B282BFF170011AB18 /* Build configuration list for PBXNativeTarget "SportsTests" */ = {
			isa = XCConfigurationList;
			buildConfigurations = (
				9B43364C282BFF170011AB18 /* Debug */,
				9B43364D282BFF170011AB18 /* Release */,
			);
			defaultConfigurationIsVisible = 0;
			defaultConfigurationName = Release;
		};
/* End XCConfigurationList section */

/* Begin XCVersionGroup section */
		9B433632282BFF140011AB18 /* Sports.xcdatamodeld */ = {
			isa = XCVersionGroup;
			children = (
				9B433633282BFF140011AB18 /* Sports.xcdatamodel */,
			);
			currentVersion = 9B433633282BFF140011AB18 /* Sports.xcdatamodel */;
			path = Sports.xcdatamodeld;
			sourceTree = "<group>";
			versionGroupType = wrapper.xcdatamodel;
		};
/* End XCVersionGroup section */
	};
	rootObject = 9B43361E282BFF130011AB18 /* Project object */;
}
